// !$*UTF8*$!
{
	archiveVersion = 1;
	classes = {
	};
	objectVersion = 46;
	objects = {

/* Begin PBXBuildFile section */
		87E1B7CA20F2AC0600812F68 /* AppDelegate.swift in Sources */ = {isa = PBXBuildFile; fileRef = 87E1B7C920F2AC0600812F68 /* AppDelegate.swift */; };
		87E1B7CC20F2AC0600812F68 /* ViewController.swift in Sources */ = {isa = PBXBuildFile; fileRef = 87E1B7CB20F2AC0600812F68 /* ViewController.swift */; };
		87E1B7CF20F2AC0600812F68 /* Main.storyboard in Resources */ = {isa = PBXBuildFile; fileRef = 87E1B7CD20F2AC0600812F68 /* Main.storyboard */; };
		87E1B7D120F2AC0600812F68 /* Assets.xcassets in Resources */ = {isa = PBXBuildFile; fileRef = 87E1B7D020F2AC0600812F68 /* Assets.xcassets */; };
		87E1B7D420F2AC0600812F68 /* LaunchScreen.storyboard in Resources */ = {isa = PBXBuildFile; fileRef = 87E1B7D220F2AC0600812F68 /* LaunchScreen.storyboard */; };
/* End PBXBuildFile section */

/* Begin PBXFileReference section */
		87E1B7C620F2AC0600812F68 /* NextU.app */ = {isa = PBXFileReference; explicitFileType = wrapper.application; includeInIndex = 0; path = NextU.app; sourceTree = BUILT_PRODUCTS_DIR; };
		87E1B7C920F2AC0600812F68 /* AppDelegate.swift */ = {isa = PBXFileReference; lastKnownFileType = sourcecode.swift; path = AppDelegate.swift; sourceTree = "<group>"; };
		87E1B7CB20F2AC0600812F68 /* ViewController.swift */ = {isa = PBXFileReference; lastKnownFileType = sourcecode.swift; path = ViewController.swift; sourceTree = "<group>"; };
		87E1B7CE20F2AC0600812F68 /* Base */ = {isa = PBXFileReference; lastKnownFileType = file.storyboard; name = Base; path = Base.lproj/Main.storyboard; sourceTree = "<group>"; };
		87E1B7D020F2AC0600812F68 /* Assets.xcassets */ = {isa = PBXFileReference; lastKnownFileType = folder.assetcatalog; path = Assets.xcassets; sourceTree = "<group>"; };
		87E1B7D320F2AC0600812F68 /* Base */ = {isa = PBXFileReference; lastKnownFileType = file.storyboard; name = Base; path = Base.lproj/LaunchScreen.storyboard; sourceTree = "<group>"; };
		87E1B7D520F2AC0600812F68 /* Info.plist */ = {isa = PBXFileReference; lastKnownFileType = text.plist.xml; path = Info.plist; sourceTree = "<group>"; };
/* End PBXFileReference section */

/* Begin PBXFrameworksBuildPhase section */
		87E1B7C320F2AC0600812F68 /* Frameworks */ = {
			isa = PBXFrameworksBuildPhase;
			buildActionMask = 2147483647;
			files = (
			);
			runOnlyForDeploymentPostprocessing = 0;
		};
/* End PBXFrameworksBuildPhase section */

/* Begin PBXGroup section */
		87E1B7BD20F2AC0600812F68 = {
			isa = PBXGroup;
			children = (
				87E1B7C820F2AC0600812F68 /* NextU */,
				87E1B7C720F2AC0600812F68 /* Products */,
			);
			sourceTree = "<group>";
		};
		87E1B7C720F2AC0600812F68 /* Products */ = {
			isa = PBXGroup;
			children = (
				87E1B7C620F2AC0600812F68 /* NextU.app */,
			);
			name = Products;
			sourceTree = "<group>";
		};
		87E1B7C820F2AC0600812F68 /* NextU */ = {
			isa = PBXGroup;
			children = (
				87E1B7C920F2AC0600812F68 /* AppDelegate.swift */,
				87E1B7CB20F2AC0600812F68 /* ViewController.swift */,
				87E1B7CD20F2AC0600812F68 /* Main.storyboard */,
				87E1B7D020F2AC0600812F68 /* Assets.xcassets */,
				87E1B7D220F2AC0600812F68 /* LaunchScreen.storyboard */,
				87E1B7D520F2AC0600812F68 /* Info.plist */,
			);
			path = NextU;
			sourceTree = "<group>";
		};
/* End PBXGroup section */

/* Begin PBXNativeTarget section */
		87E1B7C520F2AC0600812F68 /* NextU */ = {
			isa = PBXNativeTarget;
			buildConfigurationList = 87E1B7D820F2AC0600812F68 /* Build configuration list for PBXNativeTarget "NextU" */;
			buildPhases = (
				87E1B7C220F2AC0600812F68 /* Sources */,
				87E1B7C320F2AC0600812F68 /* Frameworks */,
				87E1B7C420F2AC0600812F68 /* Resources */,
			);
			buildRules = (
			);
			dependencies = (
			);
			name = NextU;
			productName = NextU;
			productReference = 87E1B7C620F2AC0600812F68 /* NextU.app */;
			productType = "com.apple.product-type.application";
		};
/* End PBXNativeTarget section */

/* Begin PBXProject section */
		87E1B7BE20F2AC0600812F68 /* Project object */ = {
			isa = PBXProject;
			attributes = {
				LastSwiftUpdateCheck = 0830;
				LastUpgradeCheck = 0830;
				ORGANIZATIONNAME = SumaSiempre;
				TargetAttributes = {
					87E1B7C520F2AC0600812F68 = {
						CreatedOnToolsVersion = 8.3.2;
						DevelopmentTeam = 7CCFTRPZ9J;
						ProvisioningStyle = Automatic;
					};
				};
			};
			buildConfigurationList = 87E1B7C120F2AC0600812F68 /* Build configuration list for PBXProject "NextU" */;
			compatibilityVersion = "Xcode 3.2";
			developmentRegion = English;
			hasScannedForEncodings = 0;
			knownRegions = (
				en,
				Base,
			);
			mainGroup = 87E1B7BD20F2AC0600812F68;
			productRefGroup = 87E1B7C720F2AC0600812F68 /* Products */;
			projectDirPath = "";
			projectRoot = "";
			targets = (
				87E1B7C520F2AC0600812F68 /* NextU */,
			);
		};
/* End PBXProject section */

/* Begin PBXResourcesBuildPhase section */
		87E1B7C420F2AC0600812F68 /* Resources */ = {
			isa = PBXResourcesBuildPhase;
			buildActionMask = 2147483647;
			files = (
				87E1B7D420F2AC0600812F68 /* LaunchScreen.storyboard in Resources */,
				87E1B7D120F2AC0600812F68 /* Assets.xcassets in Resources */,
				87E1B7CF20F2AC0600812F68 /* Main.storyboard in Resources */,
			);
			runOnlyForDeploymentPostprocessing = 0;
		};
/* End PBXResourcesBuildPhase section */

/* Begin PBXSourcesBuildPhase section */
		87E1B7C220F2AC0600812F68 /* Sources */ = {
			isa = PBXSourcesBuildPhase;
			buildActionMask = 2147483647;
			files = (
				87E1B7CC20F2AC0600812F68 /* ViewController.swift in Sources */,
				87E1B7CA20F2AC0600812F68 /* AppDelegate.swift in Sources */,
			);
			runOnlyForDeploymentPostprocessing = 0;
		};
/* End PBXSourcesBuildPhase section */

/* Begin PBXVariantGroup section */
		87E1B7CD20F2AC0600812F68 /* Main.storyboard */ = {
			isa = PBXVariantGroup;
			children = (
				87E1B7CE20F2AC0600812F68 /* Base */,
			);
			name = Main.storyboard;
			sourceTree = "<group>";
		};
		87E1B7D220F2AC0600812F68 /* LaunchScreen.storyboard */ = {
			isa = PBXVariantGroup;
			children = (
				87E1B7D320F2AC0600812F68 /* Base */,
			);
			name = LaunchScreen.storyboard;
			sourceTree = "<group>";
		};
/* End PBXVariantGroup section */

/* Begin XCBuildConfiguration section */
		87E1B7D620F2AC0600812F68 /* Debug */ = {
			isa = XCBuildConfiguration;
			buildSettings = {
				ALWAYS_SEARCH_USER_PATHS = NO;
				CLANG_ANALYZER_NONNULL = YES;
				CLANG_ANALYZER_NUMBER_OBJECT_CONVERSION = YES_AGGRESSIVE;
				CLANG_CXX_LANGUAGE_STANDARD = "gnu++0x";
				CLANG_CXX_LIBRARY = "libc++";
				CLANG_ENABLE_MODULES = YES;
				CLANG_ENABLE_OBJC_ARC = YES;
				CLANG_WARN_BOOL_CONVERSION = YES;
				CLANG_WARN_CONSTANT_CONVERSION = YES;
				CLANG_WARN_DIRECT_OBJC_ISA_USAGE = YES_ERROR;
				CLANG_WARN_DOCUMENTATION_COMMENTS = YES;
				CLANG_WARN_EMPTY_BODY = YES;
				CLANG_WARN_ENUM_CONVERSION = YES;
				CLANG_WARN_INFINITE_RECURSION = YES;
				CLANG_WARN_INT_CONVERSION = YES;
				CLANG_WARN_OBJC_ROOT_CLASS = YES_ERROR;
				CLANG_WARN_SUSPICIOUS_MOVE = YES;
				CLANG_WARN_UNREACHABLE_CODE = YES;
				CLANG_WARN__DUPLICATE_METHOD_MATCH = YES;
				"CODE_SIGN_IDENTITY[sdk=iphoneos*]" = "iPhone Developer";
				COPY_PHASE_STRIP = NO;
				DEBUG_INFORMATION_FORMAT = dwarf;
				ENABLE_STRICT_OBJC_MSGSEND = YES;
				ENABLE_TESTABILITY = YES;
				GCC_C_LANGUAGE_STANDARD = gnu99;
				GCC_DYNAMIC_NO_PIC = NO;
				GCC_NO_COMMON_BLOCKS = YES;
				GCC_OPTIMIZATION_LEVEL = 0;
				GCC_PREPROCESSOR_DEFINITIONS = (
					"DEBUG=1",
					"$(inherited)",
				);
				GCC_WARN_64_TO_32_BIT_CONVERSION = YES;
				GCC_WARN_ABOUT_RETURN_TYPE = YES_ERROR;
				GCC_WARN_UNDECLARED_SELECTOR = YES;
				GCC_WARN_UNINITIALIZED_AUTOS = YES_AGGRESSIVE;
				GCC_WARN_UNUSED_FUNCTION = YES;
				GCC_WARN_UNUSED_VARIABLE = YES;
				IPHONEOS_DEPLOYMENT_TARGET = 10.3;
				MTL_ENABLE_DEBUG_INFO = YES;
				ONLY_ACTIVE_ARCH = YES;
				SDKROOT = iphoneos;
				SWIFT_ACTIVE_COMPILATION_CONDITIONS = DEBUG;
				SWIFT_OPTIMIZATION_LEVEL = "-Onone";
			};
			name = Debug;
		};
		87E1B7D720F2AC0600812F68 /* Release */ = {
			isa = XCBuildConfiguration;
			buildSettings = {
				ALWAYS_SEARCH_USER_PATHS = NO;
				CLANG_ANALYZER_NONNULL = YES;
				CLANG_ANALYZER_NUMBER_OBJECT_CONVERSION = YES_AGGRESSIVE;
				CLANG_CXX_LANGUAGE_STANDARD = "gnu++0x";
				CLANG_CXX_LIBRARY = "libc++";
				CLANG_ENABLE_MODULES = YES;
				CLANG_ENABLE_OBJC_ARC = YES;
				CLANG_WARN_BOOL_CONVERSION = YES;
				CLANG_WARN_CONSTANT_CONVERSION = YES;
				CLANG_WARN_DIRECT_OBJC_ISA_USAGE = YES_ERROR;
				CLANG_WARN_DOCUMENTATION_COMMENTS = YES;
				CLANG_WARN_EMPTY_BODY = YES;
				CLANG_WARN_ENUM_CONVERSION = YES;
				CLANG_WARN_INFINITE_RECURSION = YES;
				CLANG_WARN_INT_CONVERSION = YES;
				CLANG_WARN_OBJC_ROOT_CLASS = YES_ERROR;
				CLANG_WARN_SUSPICIOUS_MOVE = YES;
				CLANG_WARN_UNREACHABLE_CODE = YES;
				CLANG_WARN__DUPLICATE_METHOD_MATCH = YES;
				"CODE_SIGN_IDENTITY[sdk=iphoneos*]" = "iPhone Developer";
				COPY_PHASE_STRIP = NO;
				DEBUG_INFORMATION_FORMAT = "dwarf-with-dsym";
				ENABLE_NS_ASSERTIONS = NO;
				ENABLE_STRICT_OBJC_MSGSEND = YES;
				GCC_C_LANGUAGE_STANDARD = gnu99;
				GCC_NO_COMMON_BLOCKS = YES;
				GCC_WARN_64_TO_32_BIT_CONVERSION = YES;
				GCC_WARN_ABOUT_RETURN_TYPE = YES_ERROR;
				GCC_WARN_UNDECLARED_SELECTOR = YES;
				GCC_WARN_UNINITIALIZED_AUTOS = YES_AGGRESSIVE;
				GCC_WARN_UNUSED_FUNCTION = YES;
				GCC_WARN_UNUSED_VARIABLE = YES;
				IPHONEOS_DEPLOYMENT_TARGET = 10.3;
				MTL_ENABLE_DEBUG_INFO = NO;
				SDKROOT = iphoneos;
				SWIFT_OPTIMIZATION_LEVEL = "-Owholemodule";
				VALIDATE_PRODUCT = YES;
			};
			name = Release;
		};
		87E1B7D920F2AC0600812F68 /* Debug */ = {
			isa = XCBuildConfiguration;
			buildSettings = {
				ASSETCATALOG_COMPILER_APPICON_NAME = AppIcon;
				DEVELOPMENT_TEAM = 7CCFTRPZ9J;
				INFOPLIST_FILE = NextU/Info.plist;
				LD_RUNPATH_SEARCH_PATHS = "$(inherited) @executable_path/Frameworks";
				PRODUCT_BUNDLE_IDENTIFIER = com.sumasiempre.NextU;
				PRODUCT_NAME = "$(TARGET_NAME)";
				SWIFT_VERSION = 3.0;
			};
			name = Debug;
		};
		87E1B7DA20F2AC0600812F68 /* Release */ = {
			isa = XCBuildConfiguration;
			buildSettings = {
				ASSETCATALOG_COMPILER_APPICON_NAME = AppIcon;
				DEVELOPMENT_TEAM = 7CCFTRPZ9J;
				INFOPLIST_FILE = NextU/Info.plist;
				LD_RUNPATH_SEARCH_PATHS = "$(inherited) @executable_path/Frameworks";
				PRODUCT_BUNDLE_IDENTIFIER = com.sumasiempre.NextU;
				PRODUCT_NAME = "$(TARGET_NAME)";
				SWIFT_VERSION = 3.0;
			};
			name = Release;
		};
/* End XCBuildConfiguration section */

/* Begin XCConfigurationList section */
		87E1B7C120F2AC0600812F68 /* Build configuration list for PBXProject "NextU" */ = {
			isa = XCConfigurationList;
			buildConfigurations = (
				87E1B7D620F2AC0600812F68 /* Debug */,
				87E1B7D720F2AC0600812F68 /* Release */,
			);
			defaultConfigurationIsVisible = 0;
			defaultConfigurationName = Release;
		};
		87E1B7D820F2AC0600812F68 /* Build configuration list for PBXNativeTarget "NextU" */ = {
			isa = XCConfigurationList;
			buildConfigurations = (
				87E1B7D920F2AC0600812F68 /* Debug */,
				87E1B7DA20F2AC0600812F68 /* Release */,
			);
			defaultConfigurationIsVisible = 0;
		};
/* End XCConfigurationList section */
	};
	rootObject = 87E1B7BE20F2AC0600812F68 /* Project object */;
}
